
Microsoft Visual Studio Solution File, Format Version 12.00
# Visual Studio Version 16
VisualStudioVersion = 16.0.32002.261
MinimumVisualStudioVersion = 10.0.40219.1
Project("{FAE04EC0-301F-11D3-BF4B-00C04F79EFBC}") = "DBPediaNetwork", "DBPediaNetwork\DBPediaNetwork.csproj", "{03736D70-4CDC-4CE1-86AC-E9926F20D69B}"
EndProject
Global
	GlobalSection(SolutionConfigurationPlatforms) = preSolution
		Debug|Any CPU = Debug|Any CPU
		Release|Any CPU = Release|Any CPU
	EndGlobalSection
	GlobalSection(ProjectConfigurationPlatforms) = postSolution
		{03736D70-4CDC-4CE1-86AC-E9926F20D69B}.Debug|Any CPU.ActiveCfg = Debug|Any CPU
		{03736D70-4CDC-4CE1-86AC-E9926F20D69B}.Debug|Any CPU.Build.0 = Debug|Any CPU
		{03736D70-4CDC-4CE1-86AC-E9926F20D69B}.Release|Any CPU.ActiveCfg = Release|Any CPU
		{03736D70-4CDC-4CE1-86AC-E9926F20D69B}.Release|Any CPU.Build.0 = Release|Any CPU
	EndGlobalSection
	GlobalSection(SolutionProperties) = preSolution
		HideSolutionNode = FALSE
	EndGlobalSection
	GlobalSection(ExtensibilityGlobals) = postSolution
		SolutionGuid = {3D782476-F9B1-4EC2-9EB6-63DEBE854C91}
	EndGlobalSection
EndGlobal
